
Microsoft Visual Studio Solution File, Format Version 12.00
# Visual Studio Version 16
VisualStudioVersion = 16.0.30204.135
MinimumVisualStudioVersion = 10.0.40219.1
Project("{8BC9CEB8-8B4A-11D0-8D11-00A0C91BC942}") = "project 4", "project 4.vcxproj", "{152AC0DA-315B-44F1-955A-36A7D61A1F64}"
EndProject
Global
	GlobalSection(SolutionConfigurationPlatforms) = preSolution
		Debug|x64 = Debug|x64
		Release|x64 = Release|x64
	EndGlobalSection
	GlobalSection(ProjectConfigurationPlatforms) = postSolution
		{152AC0DA-315B-44F1-955A-36A7D61A1F64}.Debug|x64.ActiveCfg = Debug|x64
		{152AC0DA-315B-44F1-955A-36A7D61A1F64}.Debug|x64.Build.0 = Debug|x64
		{152AC0DA-315B-44F1-955A-36A7D61A1F64}.Release|x64.ActiveCfg = Release|x64
		{152AC0DA-315B-44F1-955A-36A7D61A1F64}.Release|x64.Build.0 = Release|x64
	EndGlobalSection
	GlobalSection(SolutionProperties) = preSolution
		HideSolutionNode = FALSE
	EndGlobalSection
	GlobalSection(ExtensibilityGlobals) = postSolution
		SolutionGuid = {2454FAAA-E0FC-4819-9413-3B5763568CB2}
	EndGlobalSection
EndGlobal
